
Microsoft Visual Studio Solution File, Format Version 12.00
# Visual Studio Version 17
VisualStudioVersion = 17.9.34723.18
MinimumVisualStudioVersion = 10.0.40219.1
Project("{FAE04EC0-301F-11D3-BF4B-00C04F79EFBC}") = "Курсовая ТРПО", "Курсовая ТРПО\Курсовая ТРПО.csproj", "{CA2F99B7-66EE-4256-AA8B-6C4C66287872}"
EndProject
Global
	GlobalSection(SolutionConfigurationPlatforms) = preSolution
		Debug|Any CPU = Debug|Any CPU
		Release|Any CPU = Release|Any CPU
	EndGlobalSection
	GlobalSection(ProjectConfigurationPlatforms) = postSolution
		{CA2F99B7-66EE-4256-AA8B-6C4C66287872}.Debug|Any CPU.ActiveCfg = Debug|Any CPU
		{CA2F99B7-66EE-4256-AA8B-6C4C66287872}.Debug|Any CPU.Build.0 = Debug|Any CPU
		{CA2F99B7-66EE-4256-AA8B-6C4C66287872}.Release|Any CPU.ActiveCfg = Release|Any CPU
		{CA2F99B7-66EE-4256-AA8B-6C4C66287872}.Release|Any CPU.Build.0 = Release|Any CPU
	EndGlobalSection
	GlobalSection(SolutionProperties) = preSolution
		HideSolutionNode = FALSE
	EndGlobalSection
	GlobalSection(ExtensibilityGlobals) = postSolution
		SolutionGuid = {FD77AB40-F065-4A81-81C8-4549B619F133}
	EndGlobalSection
EndGlobal
